
Microsoft Visual Studio Solution File, Format Version 12.00
# Visual Studio Version 16
VisualStudioVersion = 16.0.31424.327
MinimumVisualStudioVersion = 10.0.40219.1
Project("{FAE04EC0-301F-11D3-BF4B-00C04F79EFBC}") = "DisableGameAbnormalityCheck", "DisableGameAbnormalityCheck\DisableGameAbnormalityCheck.csproj", "{DA631B8C-5FEA-4A33-84E1-4748A7939D91}"
EndProject
Project("{FAE04EC0-301F-11D3-BF4B-00C04F79EFBC}") = "PuttyVein", "PuttyVein\PuttyVein.csproj", "{F3014CC2-BE5F-442C-BF30-460D016D1FF3}"
EndProject
Global
	GlobalSection(SolutionConfigurationPlatforms) = preSolution
		Debug|Any CPU = Debug|Any CPU
		Release|Any CPU = Release|Any CPU
	EndGlobalSection
	GlobalSection(ProjectConfigurationPlatforms) = postSolution
		{DA631B8C-5FEA-4A33-84E1-4748A7939D91}.Debug|Any CPU.ActiveCfg = Debug|Any CPU
		{DA631B8C-5FEA-4A33-84E1-4748A7939D91}.Debug|Any CPU.Build.0 = Debug|Any CPU
		{DA631B8C-5FEA-4A33-84E1-4748A7939D91}.Release|Any CPU.ActiveCfg = Release|Any CPU
		{DA631B8C-5FEA-4A33-84E1-4748A7939D91}.Release|Any CPU.Build.0 = Release|Any CPU
		{F3014CC2-BE5F-442C-BF30-460D016D1FF3}.Debug|Any CPU.ActiveCfg = Debug|Any CPU
		{F3014CC2-BE5F-442C-BF30-460D016D1FF3}.Debug|Any CPU.Build.0 = Debug|Any CPU
		{F3014CC2-BE5F-442C-BF30-460D016D1FF3}.Release|Any CPU.ActiveCfg = Release|Any CPU
		{F3014CC2-BE5F-442C-BF30-460D016D1FF3}.Release|Any CPU.Build.0 = Release|Any CPU
	EndGlobalSection
	GlobalSection(SolutionProperties) = preSolution
		HideSolutionNode = FALSE
	EndGlobalSection
	GlobalSection(ExtensibilityGlobals) = postSolution
		SolutionGuid = {B59030DB-D37B-41B6-804D-87F3E3D4C91C}
	EndGlobalSection
EndGlobal
